
Microsoft Visual Studio Solution File, Format Version 12.00
# Visual Studio Version 17
VisualStudioVersion = 17.13.35919.96
MinimumVisualStudioVersion = 10.0.40219.1
Project("{FAE04EC0-301F-11D3-BF4B-00C04F79EFBC}") = "revisedGymMembership", "revisedGymMembership\revisedGymMembership.csproj", "{EBDBB426-8B85-4508-87AC-0822EB5B4C34}"
EndProject
Project("{FAE04EC0-301F-11D3-BF4B-00C04F79EFBC}") = "DataLayerServices", "Logics\DataLayerServices.csproj", "{04E8AF55-9148-48D9-AC86-FA48B8295DA9}"
EndProject
Project("{FAE04EC0-301F-11D3-BF4B-00C04F79EFBC}") = "GUI", "GUI\GUI.csproj", "{FE952DE7-344E-4051-9DDD-593B6C8030A7}"
EndProject
Project("{FAE04EC0-301F-11D3-BF4B-00C04F79EFBC}") = "GymCommon", "GymCommon\GymCommon.csproj", "{6C887994-6CDD-4B6F-81A0-78DE869E7EFC}"
EndProject
Project("{FAE04EC0-301F-11D3-BF4B-00C04F79EFBC}") = "GymBL", "GymBL\GymBL.csproj", "{4FCE0660-4337-474D-A7C4-DB6A8077FD02}"
EndProject
Project("{FAE04EC0-301F-11D3-BF4B-00C04F79EFBC}") = "GUIforms", "GUIforms\GUIforms.csproj", "{A66CDA57-FDD6-464F-958E-0FA54BCA4A13}"
EndProject
Global
	GlobalSection(SolutionConfigurationPlatforms) = preSolution
		Debug|Any CPU = Debug|Any CPU
		Release|Any CPU = Release|Any CPU
	EndGlobalSection
	GlobalSection(ProjectConfigurationPlatforms) = postSolution
		{EBDBB426-8B85-4508-87AC-0822EB5B4C34}.Debug|Any CPU.ActiveCfg = Debug|Any CPU
		{EBDBB426-8B85-4508-87AC-0822EB5B4C34}.Debug|Any CPU.Build.0 = Debug|Any CPU
		{EBDBB426-8B85-4508-87AC-0822EB5B4C34}.Release|Any CPU.ActiveCfg = Release|Any CPU
		{EBDBB426-8B85-4508-87AC-0822EB5B4C34}.Release|Any CPU.Build.0 = Release|Any CPU
		{04E8AF55-9148-48D9-AC86-FA48B8295DA9}.Debug|Any CPU.ActiveCfg = Debug|Any CPU
		{04E8AF55-9148-48D9-AC86-FA48B8295DA9}.Debug|Any CPU.Build.0 = Debug|Any CPU
		{04E8AF55-9148-48D9-AC86-FA48B8295DA9}.Release|Any CPU.ActiveCfg = Release|Any CPU
		{04E8AF55-9148-48D9-AC86-FA48B8295DA9}.Release|Any CPU.Build.0 = Release|Any CPU
		{FE952DE7-344E-4051-9DDD-593B6C8030A7}.Debug|Any CPU.ActiveCfg = Debug|Any CPU
		{FE952DE7-344E-4051-9DDD-593B6C8030A7}.Debug|Any CPU.Build.0 = Debug|Any CPU
		{FE952DE7-344E-4051-9DDD-593B6C8030A7}.Release|Any CPU.ActiveCfg = Release|Any CPU
		{FE952DE7-344E-4051-9DDD-593B6C8030A7}.Release|Any CPU.Build.0 = Release|Any CPU
		{6C887994-6CDD-4B6F-81A0-78DE869E7EFC}.Debug|Any CPU.ActiveCfg = Debug|Any CPU
		{6C887994-6CDD-4B6F-81A0-78DE869E7EFC}.Debug|Any CPU.Build.0 = Debug|Any CPU
		{6C887994-6CDD-4B6F-81A0-78DE869E7EFC}.Release|Any CPU.ActiveCfg = Release|Any CPU
		{6C887994-6CDD-4B6F-81A0-78DE869E7EFC}.Release|Any CPU.Build.0 = Release|Any CPU
		{4FCE0660-4337-474D-A7C4-DB6A8077FD02}.Debug|Any CPU.ActiveCfg = Debug|Any CPU
		{4FCE0660-4337-474D-A7C4-DB6A8077FD02}.Debug|Any CPU.Build.0 = Debug|Any CPU
		{4FCE0660-4337-474D-A7C4-DB6A8077FD02}.Release|Any CPU.ActiveCfg = Release|Any CPU
		{4FCE0660-4337-474D-A7C4-DB6A8077FD02}.Release|Any CPU.Build.0 = Release|Any CPU
		{A66CDA57-FDD6-464F-958E-0FA54BCA4A13}.Debug|Any CPU.ActiveCfg = Debug|Any CPU
		{A66CDA57-FDD6-464F-958E-0FA54BCA4A13}.Debug|Any CPU.Build.0 = Debug|Any CPU
		{A66CDA57-FDD6-464F-958E-0FA54BCA4A13}.Release|Any CPU.ActiveCfg = Release|Any CPU
		{A66CDA57-FDD6-464F-958E-0FA54BCA4A13}.Release|Any CPU.Build.0 = Release|Any CPU
	EndGlobalSection
	GlobalSection(SolutionProperties) = preSolution
		HideSolutionNode = FALSE
	EndGlobalSection
	GlobalSection(ExtensibilityGlobals) = postSolution
		SolutionGuid = {2A339A17-F0C7-4D03-9792-C1B4B8BC69CE}
	EndGlobalSection
EndGlobal
